
Microsoft Visual Studio Solution File, Format Version 12.00
# Visual Studio Version 16
VisualStudioVersion = 16.0.31205.134
MinimumVisualStudioVersion = 10.0.40219.1
Project("{2150E333-8FDC-42A3-9474-1A3956D46DE8}") = "Tests", "Tests", "{53E79169-D876-41E6-A466-BA0DF1C564B1}"
EndProject
Project("{9A19103F-16F7-4668-BE54-9A1E7A4F7556}") = "StampImages.Test.NetCore", "tests\StampImages.Test.NetCore\StampImages.Test.NetCore.csproj", "{A4F22C7A-276F-4B26-97F0-CC450E059EED}"
EndProject
Project("{9A19103F-16F7-4668-BE54-9A1E7A4F7556}") = "StampImages.Test.Net5", "tests\StampImages.Test.Net5\StampImages.Test.Net5.csproj", "{7B8C8166-73F9-493D-BCB9-B418F08FB659}"
EndProject
Project("{9A19103F-16F7-4668-BE54-9A1E7A4F7556}") = "StampImages.Core", "src\StampImages.Core\StampImages.Core.csproj", "{FB25146D-7C51-45C4-B4B8-212C704E4A6B}"
EndProject
Project("{FAE04EC0-301F-11D3-BF4B-00C04F79EFBC}") = "StampImages.Test.NetFramework", "tests\StampImages.Test.NetFramework\StampImages.Test.NetFramework.csproj", "{B714F667-C9DC-4A85-86AA-712C55B7A6B6}"
EndProject
Project("{2150E333-8FDC-42A3-9474-1A3956D46DE8}") = "Apps", "Apps", "{7082C113-2807-494B-BDCB-BA7AF59D988B}"
EndProject
Project("{9A19103F-16F7-4668-BE54-9A1E7A4F7556}") = "StampImages.App.WPF", "src\StampImages.App.WPF\StampImages.App.WPF.csproj", "{EEEE4591-7EEE-4BBD-B5AB-B61066F90D7D}"
EndProject
Project("{FAE04EC0-301F-11D3-BF4B-00C04F79EFBC}") = "StampImages.App.WPF.NetFramework", "src\StampImages.App.WPF.NetFramework\StampImages.App.WPF.NetFramework.csproj", "{8980FE32-08AB-4026-9E6F-79DBAE59C119}"
EndProject
Project("{9A19103F-16F7-4668-BE54-9A1E7A4F7556}") = "StampImages.Test.PublishedPackage", "tests\StampImages.Test.PublishedPackage\StampImages.Test.PublishedPackage.csproj", "{120C6E49-97D0-42D6-9D07-0A7109E5B551}"
EndProject
Project("{9A19103F-16F7-4668-BE54-9A1E7A4F7556}") = "StampImages.WebApp.Blazor", "src\StampImages.WebApp.Blazor\StampImages.WebApp.Blazor.csproj", "{76986504-D897-44E8-925D-185F4036F5D6}"
EndProject
Project("{FAE04EC0-301F-11D3-BF4B-00C04F79EFBC}") = "StampImages.OfficeAddIn.Excel", "src\StampImages.OfficeAddIn.Excel\StampImages.OfficeAddIn.Excel.csproj", "{1B2672F4-3588-45D4-BEA3-1D80DB820587}"
EndProject
Project("{54435603-DBB4-11D2-8724-00A0C9A8B90C}") = "StampImages.OfficeAddIn.Excel.Setup", "src\StampImages.OfficeAddIn.Excel.Setup\StampImages.OfficeAddIn.Excel.Setup.vdproj", "{AB41676E-64C5-4ED4-9D17-C4D5F6DA5CD0}"
EndProject
Project("{54435603-DBB4-11D2-8724-00A0C9A8B90C}") = "StampImages.App.WPF.Setup", "src\StampImages.App.WPF.Setup\StampImages.App.WPF.Setup.vdproj", "{6756CD70-71F0-48D2-924E-0D7B0BD585B7}"
EndProject
Global
	GlobalSection(SolutionConfigurationPlatforms) = preSolution
		Debug|Any CPU = Debug|Any CPU
		Release|Any CPU = Release|Any CPU
	EndGlobalSection
	GlobalSection(ProjectConfigurationPlatforms) = postSolution
		{A4F22C7A-276F-4B26-97F0-CC450E059EED}.Debug|Any CPU.ActiveCfg = Debug|Any CPU
		{A4F22C7A-276F-4B26-97F0-CC450E059EED}.Debug|Any CPU.Build.0 = Debug|Any CPU
		{A4F22C7A-276F-4B26-97F0-CC450E059EED}.Release|Any CPU.ActiveCfg = Release|Any CPU
		{A4F22C7A-276F-4B26-97F0-CC450E059EED}.Release|Any CPU.Build.0 = Release|Any CPU
		{7B8C8166-73F9-493D-BCB9-B418F08FB659}.Debug|Any CPU.ActiveCfg = Debug|Any CPU
		{7B8C8166-73F9-493D-BCB9-B418F08FB659}.Debug|Any CPU.Build.0 = Debug|Any CPU
		{7B8C8166-73F9-493D-BCB9-B418F08FB659}.Release|Any CPU.ActiveCfg = Release|Any CPU
		{7B8C8166-73F9-493D-BCB9-B418F08FB659}.Release|Any CPU.Build.0 = Release|Any CPU
		{FB25146D-7C51-45C4-B4B8-212C704E4A6B}.Debug|Any CPU.ActiveCfg = Debug|Any CPU
		{FB25146D-7C51-45C4-B4B8-212C704E4A6B}.Debug|Any CPU.Build.0 = Debug|Any CPU
		{FB25146D-7C51-45C4-B4B8-212C704E4A6B}.Release|Any CPU.ActiveCfg = Release|Any CPU
		{FB25146D-7C51-45C4-B4B8-212C704E4A6B}.Release|Any CPU.Build.0 = Release|Any CPU
		{B714F667-C9DC-4A85-86AA-712C55B7A6B6}.Debug|Any CPU.ActiveCfg = Debug|Any CPU
		{B714F667-C9DC-4A85-86AA-712C55B7A6B6}.Debug|Any CPU.Build.0 = Debug|Any CPU
		{B714F667-C9DC-4A85-86AA-712C55B7A6B6}.Release|Any CPU.ActiveCfg = Release|Any CPU
		{B714F667-C9DC-4A85-86AA-712C55B7A6B6}.Release|Any CPU.Build.0 = Release|Any CPU
		{EEEE4591-7EEE-4BBD-B5AB-B61066F90D7D}.Debug|Any CPU.ActiveCfg = Debug|Any CPU
		{EEEE4591-7EEE-4BBD-B5AB-B61066F90D7D}.Debug|Any CPU.Build.0 = Debug|Any CPU
		{EEEE4591-7EEE-4BBD-B5AB-B61066F90D7D}.Release|Any CPU.ActiveCfg = Release|Any CPU
		{EEEE4591-7EEE-4BBD-B5AB-B61066F90D7D}.Release|Any CPU.Build.0 = Release|Any CPU
		{8980FE32-08AB-4026-9E6F-79DBAE59C119}.Debug|Any CPU.ActiveCfg = Debug|Any CPU
		{8980FE32-08AB-4026-9E6F-79DBAE59C119}.Debug|Any CPU.Build.0 = Debug|Any CPU
		{8980FE32-08AB-4026-9E6F-79DBAE59C119}.Release|Any CPU.ActiveCfg = Release|Any CPU
		{8980FE32-08AB-4026-9E6F-79DBAE59C119}.Release|Any CPU.Build.0 = Release|Any CPU
		{120C6E49-97D0-42D6-9D07-0A7109E5B551}.Debug|Any CPU.ActiveCfg = Debug|Any CPU
		{120C6E49-97D0-42D6-9D07-0A7109E5B551}.Debug|Any CPU.Build.0 = Debug|Any CPU
		{120C6E49-97D0-42D6-9D07-0A7109E5B551}.Release|Any CPU.ActiveCfg = Release|Any CPU
		{120C6E49-97D0-42D6-9D07-0A7109E5B551}.Release|Any CPU.Build.0 = Release|Any CPU
		{76986504-D897-44E8-925D-185F4036F5D6}.Debug|Any CPU.ActiveCfg = Debug|Any CPU
		{76986504-D897-44E8-925D-185F4036F5D6}.Debug|Any CPU.Build.0 = Debug|Any CPU
		{76986504-D897-44E8-925D-185F4036F5D6}.Release|Any CPU.ActiveCfg = Release|Any CPU
		{76986504-D897-44E8-925D-185F4036F5D6}.Release|Any CPU.Build.0 = Release|Any CPU
		{1B2672F4-3588-45D4-BEA3-1D80DB820587}.Debug|Any CPU.ActiveCfg = Debug|Any CPU
		{1B2672F4-3588-45D4-BEA3-1D80DB820587}.Debug|Any CPU.Build.0 = Debug|Any CPU
		{1B2672F4-3588-45D4-BEA3-1D80DB820587}.Release|Any CPU.ActiveCfg = Release|Any CPU
		{1B2672F4-3588-45D4-BEA3-1D80DB820587}.Release|Any CPU.Build.0 = Release|Any CPU
		{AB41676E-64C5-4ED4-9D17-C4D5F6DA5CD0}.Debug|Any CPU.ActiveCfg = Debug
		{AB41676E-64C5-4ED4-9D17-C4D5F6DA5CD0}.Release|Any CPU.ActiveCfg = Release
		{6756CD70-71F0-48D2-924E-0D7B0BD585B7}.Debug|Any CPU.ActiveCfg = Debug
		{6756CD70-71F0-48D2-924E-0D7B0BD585B7}.Release|Any CPU.ActiveCfg = Release
	EndGlobalSection
	GlobalSection(SolutionProperties) = preSolution
		HideSolutionNode = FALSE
	EndGlobalSection
	GlobalSection(NestedProjects) = preSolution
		{A4F22C7A-276F-4B26-97F0-CC450E059EED} = {53E79169-D876-41E6-A466-BA0DF1C564B1}
		{7B8C8166-73F9-493D-BCB9-B418F08FB659} = {53E79169-D876-41E6-A466-BA0DF1C564B1}
		{B714F667-C9DC-4A85-86AA-712C55B7A6B6} = {53E79169-D876-41E6-A466-BA0DF1C564B1}
		{EEEE4591-7EEE-4BBD-B5AB-B61066F90D7D} = {7082C113-2807-494B-BDCB-BA7AF59D988B}
		{8980FE32-08AB-4026-9E6F-79DBAE59C119} = {7082C113-2807-494B-BDCB-BA7AF59D988B}
		{120C6E49-97D0-42D6-9D07-0A7109E5B551} = {53E79169-D876-41E6-A466-BA0DF1C564B1}
		{76986504-D897-44E8-925D-185F4036F5D6} = {7082C113-2807-494B-BDCB-BA7AF59D988B}
		{1B2672F4-3588-45D4-BEA3-1D80DB820587} = {7082C113-2807-494B-BDCB-BA7AF59D988B}
		{AB41676E-64C5-4ED4-9D17-C4D5F6DA5CD0} = {7082C113-2807-494B-BDCB-BA7AF59D988B}
		{6756CD70-71F0-48D2-924E-0D7B0BD585B7} = {7082C113-2807-494B-BDCB-BA7AF59D988B}
	EndGlobalSection
	GlobalSection(ExtensibilityGlobals) = postSolution
		SolutionGuid = {0ADB583E-F09B-4BFF-8D7B-49AAB7FD8466}
	EndGlobalSection
EndGlobal
